
Microsoft Visual Studio Solution File, Format Version 12.00
# Visual Studio Version 16
VisualStudioVersion = 16.0.30611.23
MinimumVisualStudioVersion = 10.0.40219.1
Project("{8BC9CEB8-8B4A-11D0-8D11-00A0C91BC942}") = "Let's Build a Simple Database", "Let's Build a Simple Database\Let's Build a Simple Database.vcxproj", "{6E66695B-E537-4C06-817D-5CE19D8D6B58}"
EndProject
Global
	GlobalSection(SolutionConfigurationPlatforms) = preSolution
		Debug|x64 = Debug|x64
		Debug|x86 = Debug|x86
		Release|x64 = Release|x64
		Release|x86 = Release|x86
	EndGlobalSection
	GlobalSection(ProjectConfigurationPlatforms) = postSolution
		{6E66695B-E537-4C06-817D-5CE19D8D6B58}.Debug|x64.ActiveCfg = Debug|x64
		{6E66695B-E537-4C06-817D-5CE19D8D6B58}.Debug|x64.Build.0 = Debug|x64
		{6E66695B-E537-4C06-817D-5CE19D8D6B58}.Debug|x86.ActiveCfg = Debug|Win32
		{6E66695B-E537-4C06-817D-5CE19D8D6B58}.Debug|x86.Build.0 = Debug|Win32
		{6E66695B-E537-4C06-817D-5CE19D8D6B58}.Release|x64.ActiveCfg = Release|x64
		{6E66695B-E537-4C06-817D-5CE19D8D6B58}.Release|x64.Build.0 = Release|x64
		{6E66695B-E537-4C06-817D-5CE19D8D6B58}.Release|x86.ActiveCfg = Release|Win32
		{6E66695B-E537-4C06-817D-5CE19D8D6B58}.Release|x86.Build.0 = Release|Win32
	EndGlobalSection
	GlobalSection(SolutionProperties) = preSolution
		HideSolutionNode = FALSE
	EndGlobalSection
	GlobalSection(ExtensibilityGlobals) = postSolution
		SolutionGuid = {04A480E2-CD64-4E31-A0C0-747A986655D0}
	EndGlobalSection
EndGlobal
